
Microsoft Visual Studio Solution File, Format Version 12.00
# Visual Studio 15
VisualStudioVersion = 15.0.26124.0
MinimumVisualStudioVersion = 15.0.26124.0
Project("{9A19103F-16F7-4668-BE54-9A1E7A4F7556}") = "IT2media.Standard", "src\IT2media.Standard\IT2media.Standard.csproj", "{D76DD611-ED96-4A7E-91A2-A3BE2E77F015}"
EndProject
Project("{9A19103F-16F7-4668-BE54-9A1E7A4F7556}") = "IT2media.Standard.Abstractions", "src\IT2media.Standard.Abstractions\IT2media.Standard.Abstractions.csproj", "{68317AAD-DD05-42BC-BCEA-19E9B57DCE4A}"
EndProject
Project("{9A19103F-16F7-4668-BE54-9A1E7A4F7556}") = "IT2media.Standard.xUnitTests", "test\IT2media.Standard.xUnitTests\IT2media.Standard.xUnitTests.csproj", "{BBA43819-D2F3-4407-8AF6-B178F6433A7D}"
EndProject
Project("{2150E333-8FDC-42A3-9474-1A3956D46DE8}") = "Solution Items", "Solution Items", "{6A6EAB81-DF4E-47E3-8424-C3EBD7BF5A1B}"
	ProjectSection(SolutionItems) = preProject
		LICENSE = LICENSE
		README.md = README.md
	EndProjectSection
EndProject
Global
	GlobalSection(SolutionConfigurationPlatforms) = preSolution
		Debug|Any CPU = Debug|Any CPU
		Debug|x64 = Debug|x64
		Debug|x86 = Debug|x86
		Release|Any CPU = Release|Any CPU
		Release|x64 = Release|x64
		Release|x86 = Release|x86
	EndGlobalSection
	GlobalSection(ProjectConfigurationPlatforms) = postSolution
		{D76DD611-ED96-4A7E-91A2-A3BE2E77F015}.Debug|Any CPU.ActiveCfg = Debug|Any CPU
		{D76DD611-ED96-4A7E-91A2-A3BE2E77F015}.Debug|Any CPU.Build.0 = Debug|Any CPU
		{D76DD611-ED96-4A7E-91A2-A3BE2E77F015}.Debug|x64.ActiveCfg = Debug|Any CPU
		{D76DD611-ED96-4A7E-91A2-A3BE2E77F015}.Debug|x64.Build.0 = Debug|Any CPU
		{D76DD611-ED96-4A7E-91A2-A3BE2E77F015}.Debug|x86.ActiveCfg = Debug|Any CPU
		{D76DD611-ED96-4A7E-91A2-A3BE2E77F015}.Debug|x86.Build.0 = Debug|Any CPU
		{D76DD611-ED96-4A7E-91A2-A3BE2E77F015}.Release|Any CPU.ActiveCfg = Release|Any CPU
		{D76DD611-ED96-4A7E-91A2-A3BE2E77F015}.Release|Any CPU.Build.0 = Release|Any CPU
		{D76DD611-ED96-4A7E-91A2-A3BE2E77F015}.Release|x64.ActiveCfg = Release|Any CPU
		{D76DD611-ED96-4A7E-91A2-A3BE2E77F015}.Release|x64.Build.0 = Release|Any CPU
		{D76DD611-ED96-4A7E-91A2-A3BE2E77F015}.Release|x86.ActiveCfg = Release|Any CPU
		{D76DD611-ED96-4A7E-91A2-A3BE2E77F015}.Release|x86.Build.0 = Release|Any CPU
		{68317AAD-DD05-42BC-BCEA-19E9B57DCE4A}.Debug|Any CPU.ActiveCfg = Debug|Any CPU
		{68317AAD-DD05-42BC-BCEA-19E9B57DCE4A}.Debug|Any CPU.Build.0 = Debug|Any CPU
		{68317AAD-DD05-42BC-BCEA-19E9B57DCE4A}.Debug|x64.ActiveCfg = Debug|Any CPU
		{68317AAD-DD05-42BC-BCEA-19E9B57DCE4A}.Debug|x64.Build.0 = Debug|Any CPU
		{68317AAD-DD05-42BC-BCEA-19E9B57DCE4A}.Debug|x86.ActiveCfg = Debug|Any CPU
		{68317AAD-DD05-42BC-BCEA-19E9B57DCE4A}.Debug|x86.Build.0 = Debug|Any CPU
		{68317AAD-DD05-42BC-BCEA-19E9B57DCE4A}.Release|Any CPU.ActiveCfg = Release|Any CPU
		{68317AAD-DD05-42BC-BCEA-19E9B57DCE4A}.Release|Any CPU.Build.0 = Release|Any CPU
		{68317AAD-DD05-42BC-BCEA-19E9B57DCE4A}.Release|x64.ActiveCfg = Release|Any CPU
		{68317AAD-DD05-42BC-BCEA-19E9B57DCE4A}.Release|x64.Build.0 = Release|Any CPU
		{68317AAD-DD05-42BC-BCEA-19E9B57DCE4A}.Release|x86.ActiveCfg = Release|Any CPU
		{68317AAD-DD05-42BC-BCEA-19E9B57DCE4A}.Release|x86.Build.0 = Release|Any CPU
		{BBA43819-D2F3-4407-8AF6-B178F6433A7D}.Debug|Any CPU.ActiveCfg = Debug|Any CPU
		{BBA43819-D2F3-4407-8AF6-B178F6433A7D}.Debug|Any CPU.Build.0 = Debug|Any CPU
		{BBA43819-D2F3-4407-8AF6-B178F6433A7D}.Debug|x64.ActiveCfg = Debug|Any CPU
		{BBA43819-D2F3-4407-8AF6-B178F6433A7D}.Debug|x64.Build.0 = Debug|Any CPU
		{BBA43819-D2F3-4407-8AF6-B178F6433A7D}.Debug|x86.ActiveCfg = Debug|Any CPU
		{BBA43819-D2F3-4407-8AF6-B178F6433A7D}.Debug|x86.Build.0 = Debug|Any CPU
		{BBA43819-D2F3-4407-8AF6-B178F6433A7D}.Release|Any CPU.ActiveCfg = Release|Any CPU
		{BBA43819-D2F3-4407-8AF6-B178F6433A7D}.Release|Any CPU.Build.0 = Release|Any CPU
		{BBA43819-D2F3-4407-8AF6-B178F6433A7D}.Release|x64.ActiveCfg = Release|Any CPU
		{BBA43819-D2F3-4407-8AF6-B178F6433A7D}.Release|x64.Build.0 = Release|Any CPU
		{BBA43819-D2F3-4407-8AF6-B178F6433A7D}.Release|x86.ActiveCfg = Release|Any CPU
		{BBA43819-D2F3-4407-8AF6-B178F6433A7D}.Release|x86.Build.0 = Release|Any CPU
	EndGlobalSection
	GlobalSection(SolutionProperties) = preSolution
		HideSolutionNode = FALSE
	EndGlobalSection
	GlobalSection(ExtensibilityGlobals) = postSolution
		SolutionGuid = {0156286B-9CC3-4B1A-A1FB-01919D0682B4}
	EndGlobalSection
EndGlobal
